
Microsoft Visual Studio Solution File, Format Version 12.00
# Visual Studio Version 17
VisualStudioVersion = 17.13.35828.75 d17.13
MinimumVisualStudioVersion = 10.0.40219.1
Project("{FAE04EC0-301F-11D3-BF4B-00C04F79EFBC}") = "CurrencyRates", "CurrencyRates\CurrencyRates.csproj", "{0A0C5097-405B-49AC-AA69-29EF869F8FE9}"
EndProject
Global
	GlobalSection(SolutionConfigurationPlatforms) = preSolution
		Debug|Any CPU = Debug|Any CPU
		Release|Any CPU = Release|Any CPU
	EndGlobalSection
	GlobalSection(ProjectConfigurationPlatforms) = postSolution
		{0A0C5097-405B-49AC-AA69-29EF869F8FE9}.Debug|Any CPU.ActiveCfg = Debug|Any CPU
		{0A0C5097-405B-49AC-AA69-29EF869F8FE9}.Debug|Any CPU.Build.0 = Debug|Any CPU
		{0A0C5097-405B-49AC-AA69-29EF869F8FE9}.Release|Any CPU.ActiveCfg = Release|Any CPU
		{0A0C5097-405B-49AC-AA69-29EF869F8FE9}.Release|Any CPU.Build.0 = Release|Any CPU
	EndGlobalSection
	GlobalSection(SolutionProperties) = preSolution
		HideSolutionNode = FALSE
	EndGlobalSection
	GlobalSection(ExtensibilityGlobals) = postSolution
		SolutionGuid = {8D25F613-3DBC-4AE6-B2EB-C3C1D4B1EEA8}
	EndGlobalSection
EndGlobal
