
Microsoft Visual Studio Solution File, Format Version 12.00
# Visual Studio Version 17
VisualStudioVersion = 17.13.35828.75 d17.13
MinimumVisualStudioVersion = 10.0.40219.1
Project("{FAE04EC0-301F-11D3-BF4B-00C04F79EFBC}") = "MailRegister", "MailRegister\MailRegister.csproj", "{0AA01D7F-8A13-41F7-AF73-1C5253CEC892}"
EndProject
Global
	GlobalSection(SolutionConfigurationPlatforms) = preSolution
		Debug|Any CPU = Debug|Any CPU
		Release|Any CPU = Release|Any CPU
	EndGlobalSection
	GlobalSection(ProjectConfigurationPlatforms) = postSolution
		{0AA01D7F-8A13-41F7-AF73-1C5253CEC892}.Debug|Any CPU.ActiveCfg = Debug|Any CPU
		{0AA01D7F-8A13-41F7-AF73-1C5253CEC892}.Debug|Any CPU.Build.0 = Debug|Any CPU
		{0AA01D7F-8A13-41F7-AF73-1C5253CEC892}.Release|Any CPU.ActiveCfg = Release|Any CPU
		{0AA01D7F-8A13-41F7-AF73-1C5253CEC892}.Release|Any CPU.Build.0 = Release|Any CPU
	EndGlobalSection
	GlobalSection(SolutionProperties) = preSolution
		HideSolutionNode = FALSE
	EndGlobalSection
	GlobalSection(ExtensibilityGlobals) = postSolution
		SolutionGuid = {3FF863A2-3B5F-4CA9-B8DC-A010170772AF}
	EndGlobalSection
EndGlobal
